
Microsoft Visual Studio Solution File, Format Version 12.00
# Visual Studio Version 17
VisualStudioVersion = 17.3.32825.248
MinimumVisualStudioVersion = 10.0.40219.1
Project("{FAE04EC0-301F-11D3-BF4B-00C04F79EFBC}") = "Algorithms", "Algorithms.csproj", "{FB017C44-1FED-48EA-A527-D0F5A2E3135F}"
EndProject
Global
	GlobalSection(SolutionConfigurationPlatforms) = preSolution
		Debug|Any CPU = Debug|Any CPU
		Release|Any CPU = Release|Any CPU
	EndGlobalSection
	GlobalSection(ProjectConfigurationPlatforms) = postSolution
		{FB017C44-1FED-48EA-A527-D0F5A2E3135F}.Debug|Any CPU.ActiveCfg = Debug|Any CPU
		{FB017C44-1FED-48EA-A527-D0F5A2E3135F}.Debug|Any CPU.Build.0 = Debug|Any CPU
		{FB017C44-1FED-48EA-A527-D0F5A2E3135F}.Release|Any CPU.ActiveCfg = Release|Any CPU
		{FB017C44-1FED-48EA-A527-D0F5A2E3135F}.Release|Any CPU.Build.0 = Release|Any CPU
	EndGlobalSection
	GlobalSection(SolutionProperties) = preSolution
		HideSolutionNode = FALSE
	EndGlobalSection
	GlobalSection(ExtensibilityGlobals) = postSolution
		SolutionGuid = {E0FBA054-D38A-4C9F-A650-5F2E2C8EFF04}
	EndGlobalSection
EndGlobal
